// !$*UTF8*$!
{
	archiveVersion = 1;
	classes = {
	};
	objectVersion = 46;
	objects = {

/* Begin PBXBuildFile section */
		42B6D3611B91BF48006F4D3C /* AppDelegate.swift in Sources */ = {isa = PBXBuildFile; fileRef = 42B6D3601B91BF48006F4D3C /* AppDelegate.swift */; };
		42B6D3631B91BF48006F4D3C /* ViewController.swift in Sources */ = {isa = PBXBuildFile; fileRef = 42B6D3621B91BF48006F4D3C /* ViewController.swift */; };
		42B6D3661B91BF48006F4D3C /* Main.storyboard in Resources */ = {isa = PBXBuildFile; fileRef = 42B6D3641B91BF48006F4D3C /* Main.storyboard */; };
		42B6D3681B91BF48006F4D3C /* Images.xcassets in Resources */ = {isa = PBXBuildFile; fileRef = 42B6D3671B91BF48006F4D3C /* Images.xcassets */; };
		42B6D36B1B91BF48006F4D3C /* LaunchScreen.xib in Resources */ = {isa = PBXBuildFile; fileRef = 42B6D3691B91BF48006F4D3C /* LaunchScreen.xib */; };
		42B6D3771B91BF48006F4D3C /* NetworkManagerTests.swift in Sources */ = {isa = PBXBuildFile; fileRef = 42B6D3761B91BF48006F4D3C /* NetworkManagerTests.swift */; };
		42B6D3891B91C9AE006F4D3C /* NetworkManager.m in Sources */ = {isa = PBXBuildFile; fileRef = 42B6D3881B91C9AE006F4D3C /* NetworkManager.m */; };
		42B6D38C1B92FA04006F4D3C /* SessionNetworkManager.m in Sources */ = {isa = PBXBuildFile; fileRef = 42B6D38B1B92FA04006F4D3C /* SessionNetworkManager.m */; };
		9EE9AEC0E1E49AEA2D1C26B9 /* libPods-NetworkManager.a in Frameworks */ = {isa = PBXBuildFile; fileRef = C00885A5425556BF2C2043D5 /* libPods-NetworkManager.a */; };
/* End PBXBuildFile section */

/* Begin PBXContainerItemProxy section */
		42B6D3711B91BF48006F4D3C /* PBXContainerItemProxy */ = {
			isa = PBXContainerItemProxy;
			containerPortal = 42B6D3531B91BF48006F4D3C /* Project object */;
			proxyType = 1;
			remoteGlobalIDString = 42B6D35A1B91BF48006F4D3C;
			remoteInfo = NetworkManager;
		};
/* End PBXContainerItemProxy section */

/* Begin PBXFileReference section */
		2A4FE17DAE918B40EEFFC566 /* Pods-NetworkManager.release.xcconfig */ = {isa = PBXFileReference; includeInIndex = 1; lastKnownFileType = text.xcconfig; name = "Pods-NetworkManager.release.xcconfig"; path = "Pods/Target Support Files/Pods-NetworkManager/Pods-NetworkManager.release.xcconfig"; sourceTree = "<group>"; };
		42B6D35B1B91BF48006F4D3C /* NetworkManager.app */ = {isa = PBXFileReference; explicitFileType = wrapper.application; includeInIndex = 0; path = NetworkManager.app; sourceTree = BUILT_PRODUCTS_DIR; };
		42B6D35F1B91BF48006F4D3C /* Info.plist */ = {isa = PBXFileReference; lastKnownFileType = text.plist.xml; path = Info.plist; sourceTree = "<group>"; };
		42B6D3601B91BF48006F4D3C /* AppDelegate.swift */ = {isa = PBXFileReference; lastKnownFileType = sourcecode.swift; path = AppDelegate.swift; sourceTree = "<group>"; };
		42B6D3621B91BF48006F4D3C /* ViewController.swift */ = {isa = PBXFileReference; lastKnownFileType = sourcecode.swift; path = ViewController.swift; sourceTree = "<group>"; };
		42B6D3651B91BF48006F4D3C /* Base */ = {isa = PBXFileReference; lastKnownFileType = file.storyboard; name = Base; path = Base.lproj/Main.storyboard; sourceTree = "<group>"; };
		42B6D3671B91BF48006F4D3C /* Images.xcassets */ = {isa = PBXFileReference; lastKnownFileType = folder.assetcatalog; path = Images.xcassets; sourceTree = "<group>"; };
		42B6D36A1B91BF48006F4D3C /* Base */ = {isa = PBXFileReference; lastKnownFileType = file.xib; name = Base; path = Base.lproj/LaunchScreen.xib; sourceTree = "<group>"; };
		42B6D3701B91BF48006F4D3C /* NetworkManagerTests.xctest */ = {isa = PBXFileReference; explicitFileType = wrapper.cfbundle; includeInIndex = 0; path = NetworkManagerTests.xctest; sourceTree = BUILT_PRODUCTS_DIR; };
		42B6D3751B91BF48006F4D3C /* Info.plist */ = {isa = PBXFileReference; lastKnownFileType = text.plist.xml; path = Info.plist; sourceTree = "<group>"; };
		42B6D3761B91BF48006F4D3C /* NetworkManagerTests.swift */ = {isa = PBXFileReference; lastKnownFileType = sourcecode.swift; path = NetworkManagerTests.swift; sourceTree = "<group>"; };
		42B6D3861B91C9AE006F4D3C /* NetworkManager-Bridging-Header.h */ = {isa = PBXFileReference; lastKnownFileType = sourcecode.c.h; path = "NetworkManager-Bridging-Header.h"; sourceTree = "<group>"; };
		42B6D3871B91C9AE006F4D3C /* NetworkManager.h */ = {isa = PBXFileReference; fileEncoding = 4; lastKnownFileType = sourcecode.c.h; path = NetworkManager.h; sourceTree = "<group>"; };
		42B6D3881B91C9AE006F4D3C /* NetworkManager.m */ = {isa = PBXFileReference; fileEncoding = 4; lastKnownFileType = sourcecode.c.objc; path = NetworkManager.m; sourceTree = "<group>"; };
		42B6D38A1B92FA04006F4D3C /* SessionNetworkManager.h */ = {isa = PBXFileReference; fileEncoding = 4; lastKnownFileType = sourcecode.c.h; path = SessionNetworkManager.h; sourceTree = "<group>"; };
		42B6D38B1B92FA04006F4D3C /* SessionNetworkManager.m */ = {isa = PBXFileReference; fileEncoding = 4; lastKnownFileType = sourcecode.c.objc; path = SessionNetworkManager.m; sourceTree = "<group>"; };
		A0305D4899E9ED66DC5B21BB /* Pods-NetworkManager.debug.xcconfig */ = {isa = PBXFileReference; includeInIndex = 1; lastKnownFileType = text.xcconfig; name = "Pods-NetworkManager.debug.xcconfig"; path = "Pods/Target Support Files/Pods-NetworkManager/Pods-NetworkManager.debug.xcconfig"; sourceTree = "<group>"; };
		C00885A5425556BF2C2043D5 /* libPods-NetworkManager.a */ = {isa = PBXFileReference; explicitFileType = archive.ar; includeInIndex = 0; path = "libPods-NetworkManager.a"; sourceTree = BUILT_PRODUCTS_DIR; };
/* End PBXFileReference section */

/* Begin PBXFrameworksBuildPhase section */
		42B6D3581B91BF48006F4D3C /* Frameworks */ = {
			isa = PBXFrameworksBuildPhase;
			buildActionMask = 2147483647;
			files = (
				9EE9AEC0E1E49AEA2D1C26B9 /* libPods-NetworkManager.a in Frameworks */,
			);
			runOnlyForDeploymentPostprocessing = 0;
		};
		42B6D36D1B91BF48006F4D3C /* Frameworks */ = {
			isa = PBXFrameworksBuildPhase;
			buildActionMask = 2147483647;
			files = (
			);
			runOnlyForDeploymentPostprocessing = 0;
		};
/* End PBXFrameworksBuildPhase section */

/* Begin PBXGroup section */
		0300E36F493E7BB9A3681240 /* Frameworks */ = {
			isa = PBXGroup;
			children = (
				C00885A5425556BF2C2043D5 /* libPods-NetworkManager.a */,
			);
			name = Frameworks;
			sourceTree = "<group>";
		};
		190EC2E7927CFD03413CB610 /* Pods */ = {
			isa = PBXGroup;
			children = (
				A0305D4899E9ED66DC5B21BB /* Pods-NetworkManager.debug.xcconfig */,
				2A4FE17DAE918B40EEFFC566 /* Pods-NetworkManager.release.xcconfig */,
			);
			name = Pods;
			sourceTree = "<group>";
		};
		42B6D3521B91BF48006F4D3C = {
			isa = PBXGroup;
			children = (
				42B6D35D1B91BF48006F4D3C /* NetworkManager */,
				42B6D3731B91BF48006F4D3C /* NetworkManagerTests */,
				42B6D35C1B91BF48006F4D3C /* Products */,
				190EC2E7927CFD03413CB610 /* Pods */,
				0300E36F493E7BB9A3681240 /* Frameworks */,
			);
			sourceTree = "<group>";
		};
		42B6D35C1B91BF48006F4D3C /* Products */ = {
			isa = PBXGroup;
			children = (
				42B6D35B1B91BF48006F4D3C /* NetworkManager.app */,
				42B6D3701B91BF48006F4D3C /* NetworkManagerTests.xctest */,
			);
			name = Products;
			sourceTree = "<group>";
		};
		42B6D35D1B91BF48006F4D3C /* NetworkManager */ = {
			isa = PBXGroup;
			children = (
				42B6D3851B91C984006F4D3C /* Network */,
				42B6D3601B91BF48006F4D3C /* AppDelegate.swift */,
				42B6D3621B91BF48006F4D3C /* ViewController.swift */,
				42B6D3641B91BF48006F4D3C /* Main.storyboard */,
				42B6D3671B91BF48006F4D3C /* Images.xcassets */,
				42B6D3691B91BF48006F4D3C /* LaunchScreen.xib */,
				42B6D35E1B91BF48006F4D3C /* Supporting Files */,
			);
			path = NetworkManager;
			sourceTree = "<group>";
		};
		42B6D35E1B91BF48006F4D3C /* Supporting Files */ = {
			isa = PBXGroup;
			children = (
				42B6D35F1B91BF48006F4D3C /* Info.plist */,
			);
			name = "Supporting Files";
			sourceTree = "<group>";
		};
		42B6D3731B91BF48006F4D3C /* NetworkManagerTests */ = {
			isa = PBXGroup;
			children = (
				42B6D3761B91BF48006F4D3C /* NetworkManagerTests.swift */,
				42B6D3741B91BF48006F4D3C /* Supporting Files */,
			);
			path = NetworkManagerTests;
			sourceTree = "<group>";
		};
		42B6D3741B91BF48006F4D3C /* Supporting Files */ = {
			isa = PBXGroup;
			children = (
				42B6D3751B91BF48006F4D3C /* Info.plist */,
			);
			name = "Supporting Files";
			sourceTree = "<group>";
		};
		42B6D3851B91C984006F4D3C /* Network */ = {
			isa = PBXGroup;
			children = (
				42B6D3871B91C9AE006F4D3C /* NetworkManager.h */,
				42B6D3881B91C9AE006F4D3C /* NetworkManager.m */,
				42B6D3861B91C9AE006F4D3C /* NetworkManager-Bridging-Header.h */,
				42B6D38A1B92FA04006F4D3C /* SessionNetworkManager.h */,
				42B6D38B1B92FA04006F4D3C /* SessionNetworkManager.m */,
			);
			name = Network;
			sourceTree = "<group>";
		};
/* End PBXGroup section */

/* Begin PBXNativeTarget section */
		42B6D35A1B91BF48006F4D3C /* NetworkManager */ = {
			isa = PBXNativeTarget;
			buildConfigurationList = 42B6D37A1B91BF48006F4D3C /* Build configuration list for PBXNativeTarget "NetworkManager" */;
			buildPhases = (
				EB464FD33B36B24A2A9A6FA0 /* Check Pods Manifest.lock */,
				42B6D3571B91BF48006F4D3C /* Sources */,
				42B6D3581B91BF48006F4D3C /* Frameworks */,
				42B6D3591B91BF48006F4D3C /* Resources */,
				8E3110E859BE074EA1E08D02 /* Copy Pods Resources */,
			);
			buildRules = (
			);
			dependencies = (
			);
			name = NetworkManager;
			productName = NetworkManager;
			productReference = 42B6D35B1B91BF48006F4D3C /* NetworkManager.app */;
			productType = "com.apple.product-type.application";
		};
		42B6D36F1B91BF48006F4D3C /* NetworkManagerTests */ = {
			isa = PBXNativeTarget;
			buildConfigurationList = 42B6D37D1B91BF48006F4D3C /* Build configuration list for PBXNativeTarget "NetworkManagerTests" */;
			buildPhases = (
				42B6D36C1B91BF48006F4D3C /* Sources */,
				42B6D36D1B91BF48006F4D3C /* Frameworks */,
				42B6D36E1B91BF48006F4D3C /* Resources */,
			);
			buildRules = (
			);
			dependencies = (
				42B6D3721B91BF48006F4D3C /* PBXTargetDependency */,
			);
			name = NetworkManagerTests;
			productName = NetworkManagerTests;
			productReference = 42B6D3701B91BF48006F4D3C /* NetworkManagerTests.xctest */;
			productType = "com.apple.product-type.bundle.unit-test";
		};
/* End PBXNativeTarget section */

/* Begin PBXProject section */
		42B6D3531B91BF48006F4D3C /* Project object */ = {
			isa = PBXProject;
			attributes = {
				LastUpgradeCheck = 0640;
				ORGANIZATIONNAME = maru;
				TargetAttributes = {
					42B6D35A1B91BF48006F4D3C = {
						CreatedOnToolsVersion = 6.4;
					};
					42B6D36F1B91BF48006F4D3C = {
						CreatedOnToolsVersion = 6.4;
						TestTargetID = 42B6D35A1B91BF48006F4D3C;
					};
				};
			};
			buildConfigurationList = 42B6D3561B91BF48006F4D3C /* Build configuration list for PBXProject "NetworkManager" */;
			compatibilityVersion = "Xcode 3.2";
			developmentRegion = English;
			hasScannedForEncodings = 0;
			knownRegions = (
				en,
				Base,
			);
			mainGroup = 42B6D3521B91BF48006F4D3C;
			productRefGroup = 42B6D35C1B91BF48006F4D3C /* Products */;
			projectDirPath = "";
			projectRoot = "";
			targets = (
				42B6D35A1B91BF48006F4D3C /* NetworkManager */,
				42B6D36F1B91BF48006F4D3C /* NetworkManagerTests */,
			);
		};
/* End PBXProject section */

/* Begin PBXResourcesBuildPhase section */
		42B6D3591B91BF48006F4D3C /* Resources */ = {
			isa = PBXResourcesBuildPhase;
			buildActionMask = 2147483647;
			files = (
				42B6D3661B91BF48006F4D3C /* Main.storyboard in Resources */,
				42B6D36B1B91BF48006F4D3C /* LaunchScreen.xib in Resources */,
				42B6D3681B91BF48006F4D3C /* Images.xcassets in Resources */,
			);
			runOnlyForDeploymentPostprocessing = 0;
		};
		42B6D36E1B91BF48006F4D3C /* Resources */ = {
			isa = PBXResourcesBuildPhase;
			buildActionMask = 2147483647;
			files = (
			);
			runOnlyForDeploymentPostprocessing = 0;
		};
/* End PBXResourcesBuildPhase section */

/* Begin PBXShellScriptBuildPhase section */
		8E3110E859BE074EA1E08D02 /* Copy Pods Resources */ = {
			isa = PBXShellScriptBuildPhase;
			buildActionMask = 2147483647;
			files = (
			);
			inputPaths = (
			);
			name = "Copy Pods Resources";
			outputPaths = (
			);
			runOnlyForDeploymentPostprocessing = 0;
			shellPath = /bin/sh;
			shellScript = "\"${SRCROOT}/Pods/Target Support Files/Pods-NetworkManager/Pods-NetworkManager-resources.sh\"\n";
			showEnvVarsInLog = 0;
		};
		EB464FD33B36B24A2A9A6FA0 /* Check Pods Manifest.lock */ = {
			isa = PBXShellScriptBuildPhase;
			buildActionMask = 2147483647;
			files = (
			);
			inputPaths = (
			);
			name = "Check Pods Manifest.lock";
			outputPaths = (
			);
			runOnlyForDeploymentPostprocessing = 0;
			shellPath = /bin/sh;
			shellScript = "diff \"${PODS_ROOT}/../Podfile.lock\" \"${PODS_ROOT}/Manifest.lock\" > /dev/null\nif [[ $? != 0 ]] ; then\n    cat << EOM\nerror: The sandbox is not in sync with the Podfile.lock. Run 'pod install' or update your CocoaPods installation.\nEOM\n    exit 1\nfi\n";
			showEnvVarsInLog = 0;
		};
/* End PBXShellScriptBuildPhase section */

/* Begin PBXSourcesBuildPhase section */
		42B6D3571B91BF48006F4D3C /* Sources */ = {
			isa = PBXSourcesBuildPhase;
			buildActionMask = 2147483647;
			files = (
				42B6D3631B91BF48006F4D3C /* ViewController.swift in Sources */,
				42B6D3891B91C9AE006F4D3C /* NetworkManager.m in Sources */,
				42B6D3611B91BF48006F4D3C /* AppDelegate.swift in Sources */,
				42B6D38C1B92FA04006F4D3C /* SessionNetworkManager.m in Sources */,
			);
			runOnlyForDeploymentPostprocessing = 0;
		};
		42B6D36C1B91BF48006F4D3C /* Sources */ = {
			isa = PBXSourcesBuildPhase;
			buildActionMask = 2147483647;
			files = (
				42B6D3771B91BF48006F4D3C /* NetworkManagerTests.swift in Sources */,
			);
			runOnlyForDeploymentPostprocessing = 0;
		};
/* End PBXSourcesBuildPhase section */

/* Begin PBXTargetDependency section */
		42B6D3721B91BF48006F4D3C /* PBXTargetDependency */ = {
			isa = PBXTargetDependency;
			target = 42B6D35A1B91BF48006F4D3C /* NetworkManager */;
			targetProxy = 42B6D3711B91BF48006F4D3C /* PBXContainerItemProxy */;
		};
/* End PBXTargetDependency section */

/* Begin PBXVariantGroup section */
		42B6D3641B91BF48006F4D3C /* Main.storyboard */ = {
			isa = PBXVariantGroup;
			children = (
				42B6D3651B91BF48006F4D3C /* Base */,
			);
			name = Main.storyboard;
			sourceTree = "<group>";
		};
		42B6D3691B91BF48006F4D3C /* LaunchScreen.xib */ = {
			isa = PBXVariantGroup;
			children = (
				42B6D36A1B91BF48006F4D3C /* Base */,
			);
			name = LaunchScreen.xib;
			sourceTree = "<group>";
		};
/* End PBXVariantGroup section */

/* Begin XCBuildConfiguration section */
		42B6D3781B91BF48006F4D3C /* Debug */ = {
			isa = XCBuildConfiguration;
			buildSettings = {
				ALWAYS_SEARCH_USER_PATHS = NO;
				CLANG_CXX_LANGUAGE_STANDARD = "gnu++0x";
				CLANG_CXX_LIBRARY = "libc++";
				CLANG_ENABLE_MODULES = YES;
				CLANG_ENABLE_OBJC_ARC = YES;
				CLANG_WARN_BOOL_CONVERSION = YES;
				CLANG_WARN_CONSTANT_CONVERSION = YES;
				CLANG_WARN_DIRECT_OBJC_ISA_USAGE = YES_ERROR;
				CLANG_WARN_EMPTY_BODY = YES;
				CLANG_WARN_ENUM_CONVERSION = YES;
				CLANG_WARN_INT_CONVERSION = YES;
				CLANG_WARN_OBJC_ROOT_CLASS = YES_ERROR;
				CLANG_WARN_UNREACHABLE_CODE = YES;
				CLANG_WARN__DUPLICATE_METHOD_MATCH = YES;
				"CODE_SIGN_IDENTITY[sdk=iphoneos*]" = "iPhone Developer";
				COPY_PHASE_STRIP = NO;
				DEBUG_INFORMATION_FORMAT = "dwarf-with-dsym";
				ENABLE_STRICT_OBJC_MSGSEND = YES;
				GCC_C_LANGUAGE_STANDARD = gnu99;
				GCC_DYNAMIC_NO_PIC = NO;
				GCC_NO_COMMON_BLOCKS = YES;
				GCC_OPTIMIZATION_LEVEL = 0;
				GCC_PREPROCESSOR_DEFINITIONS = (
					"DEBUG=1",
					"$(inherited)",
				);
				GCC_SYMBOLS_PRIVATE_EXTERN = NO;
				GCC_WARN_64_TO_32_BIT_CONVERSION = YES;
				GCC_WARN_ABOUT_RETURN_TYPE = YES_ERROR;
				GCC_WARN_UNDECLARED_SELECTOR = YES;
				GCC_WARN_UNINITIALIZED_AUTOS = YES_AGGRESSIVE;
				GCC_WARN_UNUSED_FUNCTION = YES;
				GCC_WARN_UNUSED_VARIABLE = YES;
				IPHONEOS_DEPLOYMENT_TARGET = 8.4;
				MTL_ENABLE_DEBUG_INFO = YES;
				ONLY_ACTIVE_ARCH = YES;
				SDKROOT = iphoneos;
				SWIFT_OPTIMIZATION_LEVEL = "-Onone";
				TARGETED_DEVICE_FAMILY = "1,2";
			};
			name = Debug;
		};
		42B6D3791B91BF48006F4D3C /* Release */ = {
			isa = XCBuildConfiguration;
			buildSettings = {
				ALWAYS_SEARCH_USER_PATHS = NO;
				CLANG_CXX_LANGUAGE_STANDARD = "gnu++0x";
				CLANG_CXX_LIBRARY = "libc++";
				CLANG_ENABLE_MODULES = YES;
				CLANG_ENABLE_OBJC_ARC = YES;
				CLANG_WARN_BOOL_CONVERSION = YES;
				CLANG_WARN_CONSTANT_CONVERSION = YES;
				CLANG_WARN_DIRECT_OBJC_ISA_USAGE = YES_ERROR;
				CLANG_WARN_EMPTY_BODY = YES;
				CLANG_WARN_ENUM_CONVERSION = YES;
				CLANG_WARN_INT_CONVERSION = YES;
				CLANG_WARN_OBJC_ROOT_CLASS = YES_ERROR;
				CLANG_WARN_UNREACHABLE_CODE = YES;
				CLANG_WARN__DUPLICATE_METHOD_MATCH = YES;
				"CODE_SIGN_IDENTITY[sdk=iphoneos*]" = "iPhone Developer";
				COPY_PHASE_STRIP = NO;
				DEBUG_INFORMATION_FORMAT = "dwarf-with-dsym";
				ENABLE_NS_ASSERTIONS = NO;
				ENABLE_STRICT_OBJC_MSGSEND = YES;
				GCC_C_LANGUAGE_STANDARD = gnu99;
				GCC_NO_COMMON_BLOCKS = YES;
				GCC_WARN_64_TO_32_BIT_CONVERSION = YES;
				GCC_WARN_ABOUT_RETURN_TYPE = YES_ERROR;
				GCC_WARN_UNDECLARED_SELECTOR = YES;
				GCC_WARN_UNINITIALIZED_AUTOS = YES_AGGRESSIVE;
				GCC_WARN_UNUSED_FUNCTION = YES;
				GCC_WARN_UNUSED_VARIABLE = YES;
				IPHONEOS_DEPLOYMENT_TARGET = 8.4;
				MTL_ENABLE_DEBUG_INFO = NO;
				SDKROOT = iphoneos;
				TARGETED_DEVICE_FAMILY = "1,2";
				VALIDATE_PRODUCT = YES;
			};
			name = Release;
		};
		42B6D37B1B91BF48006F4D3C /* Debug */ = {
			isa = XCBuildConfiguration;
			baseConfigurationReference = A0305D4899E9ED66DC5B21BB /* Pods-NetworkManager.debug.xcconfig */;
			buildSettings = {
				ASSETCATALOG_COMPILER_APPICON_NAME = AppIcon;
				CLANG_ENABLE_MODULES = YES;
				INFOPLIST_FILE = NetworkManager/Info.plist;
				LD_RUNPATH_SEARCH_PATHS = "$(inherited) @executable_path/Frameworks";
				PRODUCT_NAME = "$(TARGET_NAME)";
				SWIFT_OBJC_BRIDGING_HEADER = "NetworkManager/NetworkManager-Bridging-Header.h";
				SWIFT_OPTIMIZATION_LEVEL = "-Onone";
			};
			name = Debug;
		};
		42B6D37C1B91BF48006F4D3C /* Release */ = {
			isa = XCBuildConfiguration;
			baseConfigurationReference = 2A4FE17DAE918B40EEFFC566 /* Pods-NetworkManager.release.xcconfig */;
			buildSettings = {
				ASSETCATALOG_COMPILER_APPICON_NAME = AppIcon;
				CLANG_ENABLE_MODULES = YES;
				INFOPLIST_FILE = NetworkManager/Info.plist;
				LD_RUNPATH_SEARCH_PATHS = "$(inherited) @executable_path/Frameworks";
				PRODUCT_NAME = "$(TARGET_NAME)";
				SWIFT_OBJC_BRIDGING_HEADER = "NetworkManager/NetworkManager-Bridging-Header.h";
			};
			name = Release;
		};
		42B6D37E1B91BF48006F4D3C /* Debug */ = {
			isa = XCBuildConfiguration;
			buildSettings = {
				BUNDLE_LOADER = "$(TEST_HOST)";
				FRAMEWORK_SEARCH_PATHS = (
					"$(SDKROOT)/Developer/Library/Frameworks",
					"$(inherited)",
				);
				GCC_PREPROCESSOR_DEFINITIONS = (
					"DEBUG=1",
					"$(inherited)",
				);
				INFOPLIST_FILE = NetworkManagerTests/Info.plist;
				LD_RUNPATH_SEARCH_PATHS = "$(inherited) @executable_path/Frameworks @loader_path/Frameworks";
				PRODUCT_NAME = "$(TARGET_NAME)";
				TEST_HOST = "$(BUILT_PRODUCTS_DIR)/NetworkManager.app/NetworkManager";
			};
			name = Debug;
		};
		42B6D37F1B91BF48006F4D3C /* Release */ = {
			isa = XCBuildConfiguration;
			buildSettings = {
				BUNDLE_LOADER = "$(TEST_HOST)";
				FRAMEWORK_SEARCH_PATHS = (
					"$(SDKROOT)/Developer/Library/Frameworks",
					"$(inherited)",
				);
				INFOPLIST_FILE = NetworkManagerTests/Info.plist;
				LD_RUNPATH_SEARCH_PATHS = "$(inherited) @executable_path/Frameworks @loader_path/Frameworks";
				PRODUCT_NAME = "$(TARGET_NAME)";
				TEST_HOST = "$(BUILT_PRODUCTS_DIR)/NetworkManager.app/NetworkManager";
			};
			name = Release;
		};
/* End XCBuildConfiguration section */

/* Begin XCConfigurationList section */
		42B6D3561B91BF48006F4D3C /* Build configuration list for PBXProject "NetworkManager" */ = {
			isa = XCConfigurationList;
			buildConfigurations = (
				42B6D3781B91BF48006F4D3C /* Debug */,
				42B6D3791B91BF48006F4D3C /* Release */,
			);
			defaultConfigurationIsVisible = 0;
			defaultConfigurationName = Release;
		};
		42B6D37A1B91BF48006F4D3C /* Build configuration list for PBXNativeTarget "NetworkManager" */ = {
			isa = XCConfigurationList;
			buildConfigurations = (
				42B6D37B1B91BF48006F4D3C /* Debug */,
				42B6D37C1B91BF48006F4D3C /* Release */,
			);
			defaultConfigurationIsVisible = 0;
			defaultConfigurationName = Release;
		};
		42B6D37D1B91BF48006F4D3C /* Build configuration list for PBXNativeTarget "NetworkManagerTests" */ = {
			isa = XCConfigurationList;
			buildConfigurations = (
				42B6D37E1B91BF48006F4D3C /* Debug */,
				42B6D37F1B91BF48006F4D3C /* Release */,
			);
			defaultConfigurationIsVisible = 0;
			defaultConfigurationName = Release;
		};
/* End XCConfigurationList section */
	};
	rootObject = 42B6D3531B91BF48006F4D3C /* Project object */;
}
